
Microsoft Visual Studio Solution File, Format Version 12.00
# Visual Studio 15
VisualStudioVersion = 15.0.27703.2047
MinimumVisualStudioVersion = 10.0.40219.1
Project("{FAE04EC0-301F-11D3-BF4B-00C04F79EFBC}") = "WEB02TMA", "WEB02TMA\WEB02TMA.csproj", "{B3C07A07-840C-4370-B491-68A80DCC8913}"
EndProject
Project("{2150E333-8FDC-42A3-9474-1A3956D46DE8}") = "Solution Items", "Solution Items", "{057E9C04-D7DC-4106-93E6-F0E605569C66}"
	ProjectSection(SolutionItems) = preProject
		WEB02TMA\IMG2TMA.png = WEB02TMA\IMG2TMA.png
	EndProjectSection
EndProject
Global
	GlobalSection(SolutionConfigurationPlatforms) = preSolution
		Debug|Any CPU = Debug|Any CPU
		Release|Any CPU = Release|Any CPU
	EndGlobalSection
	GlobalSection(ProjectConfigurationPlatforms) = postSolution
		{B3C07A07-840C-4370-B491-68A80DCC8913}.Debug|Any CPU.ActiveCfg = Debug|Any CPU
		{B3C07A07-840C-4370-B491-68A80DCC8913}.Debug|Any CPU.Build.0 = Debug|Any CPU
		{B3C07A07-840C-4370-B491-68A80DCC8913}.Release|Any CPU.ActiveCfg = Release|Any CPU
		{B3C07A07-840C-4370-B491-68A80DCC8913}.Release|Any CPU.Build.0 = Release|Any CPU
	EndGlobalSection
	GlobalSection(SolutionProperties) = preSolution
		HideSolutionNode = FALSE
	EndGlobalSection
	GlobalSection(ExtensibilityGlobals) = postSolution
		SolutionGuid = {57E2707F-E03D-47FA-9E37-0739D38F0B45}
	EndGlobalSection
EndGlobal
