
Microsoft Visual Studio Solution File, Format Version 12.00
# Visual Studio 15
VisualStudioVersion = 15.0.27703.2047
MinimumVisualStudioVersion = 10.0.40219.1
Project("{FAE04EC0-301F-11D3-BF4B-00C04F79EFBC}") = "WEB06TMA", "WEB06TMA\WEB06TMA.csproj", "{AD5F981F-335C-4AF0-863B-FD6518BD79D3}"
EndProject
Global
	GlobalSection(SolutionConfigurationPlatforms) = preSolution
		Debug|Any CPU = Debug|Any CPU
		Release|Any CPU = Release|Any CPU
	EndGlobalSection
	GlobalSection(ProjectConfigurationPlatforms) = postSolution
		{AD5F981F-335C-4AF0-863B-FD6518BD79D3}.Debug|Any CPU.ActiveCfg = Debug|Any CPU
		{AD5F981F-335C-4AF0-863B-FD6518BD79D3}.Debug|Any CPU.Build.0 = Debug|Any CPU
		{AD5F981F-335C-4AF0-863B-FD6518BD79D3}.Release|Any CPU.ActiveCfg = Release|Any CPU
		{AD5F981F-335C-4AF0-863B-FD6518BD79D3}.Release|Any CPU.Build.0 = Release|Any CPU
	EndGlobalSection
	GlobalSection(SolutionProperties) = preSolution
		HideSolutionNode = FALSE
	EndGlobalSection
	GlobalSection(ExtensibilityGlobals) = postSolution
		SolutionGuid = {7EF5A1CA-81FD-409F-9278-0B7AFBE12F07}
	EndGlobalSection
EndGlobal
