
Microsoft Visual Studio Solution File, Format Version 12.00
# Visual Studio Version 16
VisualStudioVersion = 16.0.28729.10
MinimumVisualStudioVersion = 10.0.40219.1
Project("{FAE04EC0-301F-11D3-BF4B-00C04F79EFBC}") = "WEB08TMA_WebDAV", "WEB08TMA_WebDAV\WEB08TMA_WebDAV.csproj", "{7F7C9F9F-1532-47D7-A737-0FAFF702C142}"
EndProject
Global
	GlobalSection(SolutionConfigurationPlatforms) = preSolution
		Debug|Any CPU = Debug|Any CPU
		Release|Any CPU = Release|Any CPU
	EndGlobalSection
	GlobalSection(ProjectConfigurationPlatforms) = postSolution
		{7F7C9F9F-1532-47D7-A737-0FAFF702C142}.Debug|Any CPU.ActiveCfg = Debug|Any CPU
		{7F7C9F9F-1532-47D7-A737-0FAFF702C142}.Debug|Any CPU.Build.0 = Debug|Any CPU
		{7F7C9F9F-1532-47D7-A737-0FAFF702C142}.Release|Any CPU.ActiveCfg = Release|Any CPU
		{7F7C9F9F-1532-47D7-A737-0FAFF702C142}.Release|Any CPU.Build.0 = Release|Any CPU
	EndGlobalSection
	GlobalSection(SolutionProperties) = preSolution
		HideSolutionNode = FALSE
	EndGlobalSection
	GlobalSection(ExtensibilityGlobals) = postSolution
		SolutionGuid = {AFCF554E-6149-479A-8E44-738F30F7C455}
	EndGlobalSection
EndGlobal
