
Microsoft Visual Studio Solution File, Format Version 12.00
# Visual Studio 15
VisualStudioVersion = 15.0.27703.2047
MinimumVisualStudioVersion = 10.0.40219.1
Project("{FAE04EC0-301F-11D3-BF4B-00C04F79EFBC}") = "WEB07_OAuth", "WEB07_OAuth\WEB07_OAuth.csproj", "{60C64731-C37E-416B-BF46-0027CFACF6EB}"
EndProject
Global
	GlobalSection(SolutionConfigurationPlatforms) = preSolution
		Debug|Any CPU = Debug|Any CPU
		Release|Any CPU = Release|Any CPU
	EndGlobalSection
	GlobalSection(ProjectConfigurationPlatforms) = postSolution
		{60C64731-C37E-416B-BF46-0027CFACF6EB}.Debug|Any CPU.ActiveCfg = Debug|Any CPU
		{60C64731-C37E-416B-BF46-0027CFACF6EB}.Debug|Any CPU.Build.0 = Debug|Any CPU
		{60C64731-C37E-416B-BF46-0027CFACF6EB}.Release|Any CPU.ActiveCfg = Release|Any CPU
		{60C64731-C37E-416B-BF46-0027CFACF6EB}.Release|Any CPU.Build.0 = Release|Any CPU
	EndGlobalSection
	GlobalSection(SolutionProperties) = preSolution
		HideSolutionNode = FALSE
	EndGlobalSection
	GlobalSection(ExtensibilityGlobals) = postSolution
		SolutionGuid = {28F9555E-8E43-4A59-80F6-53545711D170}
	EndGlobalSection
EndGlobal
